
Microsoft Visual Studio Solution File, Format Version 12.00
# Visual Studio Version 16
VisualStudioVersion = 16.0.29709.97
MinimumVisualStudioVersion = 10.0.40219.1
Project("{8BC9CEB8-8B4A-11D0-8D11-00A0C91BC942}") = "TestOpenMP", "TestOpenMP.vcxproj", "{CD730485-D463-4DD4-8A03-B3CCFA44A33C}"
EndProject
Global
	GlobalSection(SolutionConfigurationPlatforms) = preSolution
		Debug|x64 = Debug|x64
		Debug|x86 = Debug|x86
		Release|x64 = Release|x64
		Release|x86 = Release|x86
	EndGlobalSection
	GlobalSection(ProjectConfigurationPlatforms) = postSolution
		{CD730485-D463-4DD4-8A03-B3CCFA44A33C}.Debug|x64.ActiveCfg = Debug|x64
		{CD730485-D463-4DD4-8A03-B3CCFA44A33C}.Debug|x64.Build.0 = Debug|x64
		{CD730485-D463-4DD4-8A03-B3CCFA44A33C}.Debug|x86.ActiveCfg = Debug|Win32
		{CD730485-D463-4DD4-8A03-B3CCFA44A33C}.Debug|x86.Build.0 = Debug|Win32
		{CD730485-D463-4DD4-8A03-B3CCFA44A33C}.Release|x64.ActiveCfg = Release|x64
		{CD730485-D463-4DD4-8A03-B3CCFA44A33C}.Release|x64.Build.0 = Release|x64
		{CD730485-D463-4DD4-8A03-B3CCFA44A33C}.Release|x86.ActiveCfg = Release|Win32
		{CD730485-D463-4DD4-8A03-B3CCFA44A33C}.Release|x86.Build.0 = Release|Win32
	EndGlobalSection
	GlobalSection(SolutionProperties) = preSolution
		HideSolutionNode = FALSE
	EndGlobalSection
	GlobalSection(ExtensibilityGlobals) = postSolution
		SolutionGuid = {7AAF4404-5BB5-45ED-8F40-67280C20953E}
	EndGlobalSection
EndGlobal
